
Microsoft Visual Studio Solution File, Format Version 12.00
# Visual Studio Version 16
VisualStudioVersion = 16.0.28803.452
MinimumVisualStudioVersion = 10.0.40219.1
Project("{FAE04EC0-301F-11D3-BF4B-00C04F79EFBC}") = "WebApplication5", "WebApplication5\WebApplication5.csproj", "{0595C65E-8B30-4776-B0F5-554F6E55B129}"
EndProject
Global
	GlobalSection(SolutionConfigurationPlatforms) = preSolution
		Debug|Any CPU = Debug|Any CPU
		Release|Any CPU = Release|Any CPU
	EndGlobalSection
	GlobalSection(ProjectConfigurationPlatforms) = postSolution
		{0595C65E-8B30-4776-B0F5-554F6E55B129}.Debug|Any CPU.ActiveCfg = Debug|Any CPU
		{0595C65E-8B30-4776-B0F5-554F6E55B129}.Debug|Any CPU.Build.0 = Debug|Any CPU
		{0595C65E-8B30-4776-B0F5-554F6E55B129}.Release|Any CPU.ActiveCfg = Release|Any CPU
		{0595C65E-8B30-4776-B0F5-554F6E55B129}.Release|Any CPU.Build.0 = Release|Any CPU
	EndGlobalSection
	GlobalSection(SolutionProperties) = preSolution
		HideSolutionNode = FALSE
	EndGlobalSection
	GlobalSection(ExtensibilityGlobals) = postSolution
		SolutionGuid = {48E15F98-2E01-47E2-A8D4-DE84837AF815}
	EndGlobalSection
EndGlobal
